<Solution>
  <Project Path="SujaySarma.Data.Core/SujaySarma.Data.Core.csproj" />
  <Project Path="SujaySarma.Data.TokenLimitedFiles/SujaySarma.Data.TokenLimitedFiles.csproj" />
  <Project Path="SujaySarma.Data.SqlServer/SujaySarma.Data.SqlServer.csproj" />
  <Project Path="SujaySarma.Data.WinFormsUI/SujaySarma.Data.WinFormsUI.csproj" Id="ff8071eb-706f-493a-b61f-53a5a9d2f258" />
</Solution>
